
Microsoft Visual Studio Solution File, Format Version 12.00
# Visual Studio Version 17
VisualStudioVersion = 17.14.36429.23
MinimumVisualStudioVersion = 10.0.40219.1
Project("{FAE04EC0-301F-11D3-BF4B-00C04F79EFBC}") = "lynchism", "lynchism\lynchism.csproj", "{D5AD1FD1-AC21-47A3-A92E-0DB80D231905}"
EndProject
Global
	GlobalSection(SolutionConfigurationPlatforms) = preSolution
		Debug|Any CPU = Debug|Any CPU
		Release|Any CPU = Release|Any CPU
	EndGlobalSection
	GlobalSection(ProjectConfigurationPlatforms) = postSolution
		{D5AD1FD1-AC21-47A3-A92E-0DB80D231905}.Debug|Any CPU.ActiveCfg = Debug|Any CPU
		{D5AD1FD1-AC21-47A3-A92E-0DB80D231905}.Debug|Any CPU.Build.0 = Debug|Any CPU
		{D5AD1FD1-AC21-47A3-A92E-0DB80D231905}.Release|Any CPU.ActiveCfg = Release|Any CPU
		{D5AD1FD1-AC21-47A3-A92E-0DB80D231905}.Release|Any CPU.Build.0 = Release|Any CPU
	EndGlobalSection
	GlobalSection(SolutionProperties) = preSolution
		HideSolutionNode = FALSE
	EndGlobalSection
	GlobalSection(ExtensibilityGlobals) = postSolution
		SolutionGuid = {CEB34AB8-7526-45B4-8BC8-5CCB60988DC3}
	EndGlobalSection
EndGlobal
